
Microsoft Visual Studio Solution File, Format Version 12.00
# Visual Studio Version 17
VisualStudioVersion = 17.8.34525.116
MinimumVisualStudioVersion = 10.0.40219.1
Project("{FAE04EC0-301F-11D3-BF4B-00C04F79EFBC}") = "Lista1EX5", "Lista1EX5\Lista1EX5.csproj", "{9906175C-BB85-4727-AE57-5CC2CB7815BF}"
EndProject
Global
	GlobalSection(SolutionConfigurationPlatforms) = preSolution
		Debug|Any CPU = Debug|Any CPU
		Release|Any CPU = Release|Any CPU
	EndGlobalSection
	GlobalSection(ProjectConfigurationPlatforms) = postSolution
		{9906175C-BB85-4727-AE57-5CC2CB7815BF}.Debug|Any CPU.ActiveCfg = Debug|Any CPU
		{9906175C-BB85-4727-AE57-5CC2CB7815BF}.Debug|Any CPU.Build.0 = Debug|Any CPU
		{9906175C-BB85-4727-AE57-5CC2CB7815BF}.Release|Any CPU.ActiveCfg = Release|Any CPU
		{9906175C-BB85-4727-AE57-5CC2CB7815BF}.Release|Any CPU.Build.0 = Release|Any CPU
	EndGlobalSection
	GlobalSection(SolutionProperties) = preSolution
		HideSolutionNode = FALSE
	EndGlobalSection
	GlobalSection(ExtensibilityGlobals) = postSolution
		SolutionGuid = {DB8476FA-D1FA-40A9-80A6-2102443F7FDB}
	EndGlobalSection
EndGlobal
